
Microsoft Visual Studio Solution File, Format Version 12.00
Project("{FAE04EC0-301F-11D3-BF4B-00C04F79EFBC}") = "BulkyWeb", "BulkyWeb\BulkyWeb.csproj", "{3FE7519B-E405-401B-8F89-57DC0FFBB2CF}"
EndProject
Project("{FAE04EC0-301F-11D3-BF4B-00C04F79EFBC}") = "BulkyWebRazor_Temp", "BulkyWebRazor_Temp\BulkyWebRazor_Temp.csproj", "{4966C01F-895B-4CE9-ADFF-5FB416C0F40A}"
EndProject
Global
	GlobalSection(SolutionConfigurationPlatforms) = preSolution
		Debug|Any CPU = Debug|Any CPU
		Release|Any CPU = Release|Any CPU
	EndGlobalSection
	GlobalSection(ProjectConfigurationPlatforms) = postSolution
		{3FE7519B-E405-401B-8F89-57DC0FFBB2CF}.Debug|Any CPU.ActiveCfg = Debug|Any CPU
		{3FE7519B-E405-401B-8F89-57DC0FFBB2CF}.Debug|Any CPU.Build.0 = Debug|Any CPU
		{3FE7519B-E405-401B-8F89-57DC0FFBB2CF}.Release|Any CPU.ActiveCfg = Release|Any CPU
		{3FE7519B-E405-401B-8F89-57DC0FFBB2CF}.Release|Any CPU.Build.0 = Release|Any CPU
		{4966C01F-895B-4CE9-ADFF-5FB416C0F40A}.Debug|Any CPU.ActiveCfg = Debug|Any CPU
		{4966C01F-895B-4CE9-ADFF-5FB416C0F40A}.Debug|Any CPU.Build.0 = Debug|Any CPU
		{4966C01F-895B-4CE9-ADFF-5FB416C0F40A}.Release|Any CPU.ActiveCfg = Release|Any CPU
		{4966C01F-895B-4CE9-ADFF-5FB416C0F40A}.Release|Any CPU.Build.0 = Release|Any CPU
	EndGlobalSection
EndGlobal
